
Microsoft Visual Studio Solution File, Format Version 12.00
# Visual Studio Version 17
VisualStudioVersion = 17.14.36221.1 d17.14
MinimumVisualStudioVersion = 10.0.40219.1
Project("{FAE04EC0-301F-11D3-BF4B-00C04F79EFBC}") = "server", "server\server.csproj", "{49BBA826-854C-4612-8E65-02080058E62C}"
EndProject
Global
	GlobalSection(SolutionConfigurationPlatforms) = preSolution
		Debug|Any CPU = Debug|Any CPU
		Release|Any CPU = Release|Any CPU
	EndGlobalSection
	GlobalSection(ProjectConfigurationPlatforms) = postSolution
		{49BBA826-854C-4612-8E65-02080058E62C}.Debug|Any CPU.ActiveCfg = Debug|Any CPU
		{49BBA826-854C-4612-8E65-02080058E62C}.Debug|Any CPU.Build.0 = Debug|Any CPU
		{49BBA826-854C-4612-8E65-02080058E62C}.Release|Any CPU.ActiveCfg = Release|Any CPU
		{49BBA826-854C-4612-8E65-02080058E62C}.Release|Any CPU.Build.0 = Release|Any CPU
	EndGlobalSection
	GlobalSection(SolutionProperties) = preSolution
		HideSolutionNode = FALSE
	EndGlobalSection
	GlobalSection(ExtensibilityGlobals) = postSolution
		SolutionGuid = {E6DFE7CA-80C6-47DB-9844-CD6ABA3356C1}
	EndGlobalSection
EndGlobal
